
Microsoft Visual Studio Solution File, Format Version 12.00
# Visual Studio Version 16
VisualStudioVersion = 16.0.28803.352
MinimumVisualStudioVersion = 10.0.40219.1
Project("{FA161616-1616-1616-1616-1629AAE11616}") = "CobaltWinTracker", "CobaltWinTracker.csproj", "{A1616160-1616-1616-1616-1629A3161616}"
EndProject
Global
	GlobalSection(SolutionConfigurationPlatforms) = preSolution
		Debug|Any CPU = Debug|Any CPU
		Release|Any CPU = Release|Any CPU
	EndGlobalSection
	GlobalSection(ProjectConfigurationPlatforms) = postSolution
		{A1616160-1616-1616-1616-1629A3161616}.Debug|Any CPU.ActiveCfg = Debug|Any CPU
		{A1616160-1616-1616-1616-1629A3161616}.Debug|Any CPU.Build.0 = Debug|Any CPU
		{A1616160-1616-1616-1616-1629A3161616}.Release|Any CPU.ActiveCfg = Release|Any CPU
		{A1616160-1616-1616-1616-1629A3161616}.Release|Any CPU.Build.0 = Release|Any CPU
	EndGlobalSection
	GlobalSection(SolutionProperties) = preSolution
		HideSolutionNode = FALSE
	EndGlobalSection
	GlobalSection(ExtensibilityGlobals) = postSolution
		SolutionGuid = {EC161616-1616-1616-1616-1629AB311616}
	EndGlobalSection
EndGlobal
